
Microsoft Visual Studio Solution File, Format Version 12.00
# Visual Studio Version 17
VisualStudioVersion = 17.5.33424.131
MinimumVisualStudioVersion = 10.0.40219.1
Project("{FAE04EC0-301F-11D3-BF4B-00C04F79EFBC}") = "chrest", "chrest.csproj", "{C0D4845C-44DB-4CC7-AA56-0BC354A91569}"
EndProject
Global
	GlobalSection(SolutionConfigurationPlatforms) = preSolution
		Debug|Any CPU = Debug|Any CPU
		Release|Any CPU = Release|Any CPU
	EndGlobalSection
	GlobalSection(ProjectConfigurationPlatforms) = postSolution
		{C0D4845C-44DB-4CC7-AA56-0BC354A91569}.Debug|Any CPU.ActiveCfg = Debug|Any CPU
		{C0D4845C-44DB-4CC7-AA56-0BC354A91569}.Debug|Any CPU.Build.0 = Debug|Any CPU
		{C0D4845C-44DB-4CC7-AA56-0BC354A91569}.Release|Any CPU.ActiveCfg = Release|Any CPU
		{C0D4845C-44DB-4CC7-AA56-0BC354A91569}.Release|Any CPU.Build.0 = Release|Any CPU
	EndGlobalSection
	GlobalSection(SolutionProperties) = preSolution
		HideSolutionNode = FALSE
	EndGlobalSection
	GlobalSection(ExtensibilityGlobals) = postSolution
		SolutionGuid = {681090F2-AA45-4DA3-A887-38CABA0CA06C}
	EndGlobalSection
EndGlobal
